
Microsoft Visual Studio Solution File, Format Version 12.00
# Visual Studio 15
VisualStudioVersion = 15.0.26430.6
MinimumVisualStudioVersion = 10.0.40219.1
Project("{9A19103F-16F7-4668-BE54-9A1E7A4F7556}") = "LiteDB.Sync", "LiteDB.Sync\LiteDB.Sync.csproj", "{EDBB424A-7D4D-442E-97D1-327DF7001F6D}"
EndProject
Project("{9A19103F-16F7-4668-BE54-9A1E7A4F7556}") = "LiteDB.dotnet", "LiteDB\LiteDB\LiteDB.dotnet.csproj", "{EA4FDF0B-80E1-4B4B-B7EF-47BDBFAC9F39}"
EndProject
Project("{FAE04EC0-301F-11D3-BF4B-00C04F79EFBC}") = "LiteDB.Sync.Tests", "LiteDB.Sync.Tests\LiteDB.Sync.Tests.csproj", "{621B3E66-17CF-4B2C-979F-0E83C63A35B3}"
EndProject
Global
	GlobalSection(SolutionConfigurationPlatforms) = preSolution
		Debug|Any CPU = Debug|Any CPU
		Release|Any CPU = Release|Any CPU
	EndGlobalSection
	GlobalSection(ProjectConfigurationPlatforms) = postSolution
		{EDBB424A-7D4D-442E-97D1-327DF7001F6D}.Debug|Any CPU.ActiveCfg = Debug|Any CPU
		{EDBB424A-7D4D-442E-97D1-327DF7001F6D}.Debug|Any CPU.Build.0 = Debug|Any CPU
		{EDBB424A-7D4D-442E-97D1-327DF7001F6D}.Release|Any CPU.ActiveCfg = Release|Any CPU
		{EDBB424A-7D4D-442E-97D1-327DF7001F6D}.Release|Any CPU.Build.0 = Release|Any CPU
		{EA4FDF0B-80E1-4B4B-B7EF-47BDBFAC9F39}.Debug|Any CPU.ActiveCfg = Debug|Any CPU
		{EA4FDF0B-80E1-4B4B-B7EF-47BDBFAC9F39}.Debug|Any CPU.Build.0 = Debug|Any CPU
		{EA4FDF0B-80E1-4B4B-B7EF-47BDBFAC9F39}.Release|Any CPU.ActiveCfg = Release|Any CPU
		{EA4FDF0B-80E1-4B4B-B7EF-47BDBFAC9F39}.Release|Any CPU.Build.0 = Release|Any CPU
		{621B3E66-17CF-4B2C-979F-0E83C63A35B3}.Debug|Any CPU.ActiveCfg = Debug|Any CPU
		{621B3E66-17CF-4B2C-979F-0E83C63A35B3}.Debug|Any CPU.Build.0 = Debug|Any CPU
		{621B3E66-17CF-4B2C-979F-0E83C63A35B3}.Release|Any CPU.ActiveCfg = Release|Any CPU
		{621B3E66-17CF-4B2C-979F-0E83C63A35B3}.Release|Any CPU.Build.0 = Release|Any CPU
	EndGlobalSection
	GlobalSection(SolutionProperties) = preSolution
		HideSolutionNode = FALSE
	EndGlobalSection
EndGlobal
